
Microsoft Visual Studio Solution File, Format Version 12.00
# Visual Studio for Mac
Project("{FAE04EC0-301F-11D3-BF4B-00C04F79EFBC}") = "Assembly-CSharp", "Assembly-CSharp.csproj", "{E25D022D-8571-39CF-C196-5527C915235B}"
EndProject
Project("{FAE04EC0-301F-11D3-BF4B-00C04F79EFBC}") = "Assembly-CSharp-Editor", "Assembly-CSharp-Editor.csproj", "{15CE375A-2727-7FFC-7F46-2C1D723F5E2B}"
EndProject
Global
	GlobalSection(SolutionConfigurationPlatforms) = preSolution
		Debug|Any CPU = Debug|Any CPU
		Release|Any CPU = Release|Any CPU
	EndGlobalSection
	GlobalSection(ProjectConfigurationPlatforms) = postSolution
		{E25D022D-8571-39CF-C196-5527C915235B}.Debug|Any CPU.ActiveCfg = Debug|Any CPU
		{E25D022D-8571-39CF-C196-5527C915235B}.Debug|Any CPU.Build.0 = Debug|Any CPU
		{E25D022D-8571-39CF-C196-5527C915235B}.Release|Any CPU.ActiveCfg = Release|Any CPU
		{E25D022D-8571-39CF-C196-5527C915235B}.Release|Any CPU.Build.0 = Release|Any CPU
		{15CE375A-2727-7FFC-7F46-2C1D723F5E2B}.Debug|Any CPU.ActiveCfg = Debug|Any CPU
		{15CE375A-2727-7FFC-7F46-2C1D723F5E2B}.Debug|Any CPU.Build.0 = Debug|Any CPU
		{15CE375A-2727-7FFC-7F46-2C1D723F5E2B}.Release|Any CPU.ActiveCfg = Release|Any CPU
		{15CE375A-2727-7FFC-7F46-2C1D723F5E2B}.Release|Any CPU.Build.0 = Release|Any CPU
	EndGlobalSection
	GlobalSection(SolutionProperties) = preSolution
		HideSolutionNode = FALSE
	EndGlobalSection
EndGlobal
